
Microsoft Visual Studio Solution File, Format Version 12.00
# Visual Studio Version 17
VisualStudioVersion = 17.4.33205.214
MinimumVisualStudioVersion = 10.0.40219.1
Project("{FAE04EC0-301F-11D3-BF4B-00C04F79EFBC}") = "LibraryMVC", "LibraryMVC\LibraryMVC.csproj", "{C00BF45E-0055-496F-92AD-CC09384159FF}"
EndProject
Global
	GlobalSection(SolutionConfigurationPlatforms) = preSolution
		Debug|Any CPU = Debug|Any CPU
		Release|Any CPU = Release|Any CPU
	EndGlobalSection
	GlobalSection(ProjectConfigurationPlatforms) = postSolution
		{C00BF45E-0055-496F-92AD-CC09384159FF}.Debug|Any CPU.ActiveCfg = Debug|Any CPU
		{C00BF45E-0055-496F-92AD-CC09384159FF}.Debug|Any CPU.Build.0 = Debug|Any CPU
		{C00BF45E-0055-496F-92AD-CC09384159FF}.Release|Any CPU.ActiveCfg = Release|Any CPU
		{C00BF45E-0055-496F-92AD-CC09384159FF}.Release|Any CPU.Build.0 = Release|Any CPU
	EndGlobalSection
	GlobalSection(SolutionProperties) = preSolution
		HideSolutionNode = FALSE
	EndGlobalSection
	GlobalSection(ExtensibilityGlobals) = postSolution
		SolutionGuid = {55F915E3-57A4-49FB-ADF8-8FCAD74A5631}
	EndGlobalSection
EndGlobal
